// !$*UTF8*$!
{
	archiveVersion = 1;
	classes = {
	};
	objectVersion = 55;
	objects = {

/* Begin PBXBuildFile section */
		05E98F9228F30A4000F604F7 /* AppDelegate.swift in Sources */ = {isa = PBXBuildFile; fileRef = 05E98F9128F30A4000F604F7 /* AppDelegate.swift */; };
		05E98F9428F30A4000F604F7 /* SceneDelegate.swift in Sources */ = {isa = PBXBuildFile; fileRef = 05E98F9328F30A4000F604F7 /* SceneDelegate.swift */; };
		05E98F9628F30A4000F604F7 /* ViewController.swift in Sources */ = {isa = PBXBuildFile; fileRef = 05E98F9528F30A4000F604F7 /* ViewController.swift */; };
		05E98F9928F30A4000F604F7 /* Main.storyboard in Resources */ = {isa = PBXBuildFile; fileRef = 05E98F9728F30A4000F604F7 /* Main.storyboard */; };
		05E98F9B28F30A4000F604F7 /* Assets.xcassets in Resources */ = {isa = PBXBuildFile; fileRef = 05E98F9A28F30A4000F604F7 /* Assets.xcassets */; };
		05E98F9E28F30A4000F604F7 /* LaunchScreen.storyboard in Resources */ = {isa = PBXBuildFile; fileRef = 05E98F9C28F30A4000F604F7 /* LaunchScreen.storyboard */; };
		05E98FA928F30A4100F604F7 /* FragTests.swift in Sources */ = {isa = PBXBuildFile; fileRef = 05E98FA828F30A4100F604F7 /* FragTests.swift */; };
		05E98FB328F30A4100F604F7 /* FragUITests.swift in Sources */ = {isa = PBXBuildFile; fileRef = 05E98FB228F30A4100F604F7 /* FragUITests.swift */; };
		05E98FB528F30A4100F604F7 /* FragUITestsLaunchTests.swift in Sources */ = {isa = PBXBuildFile; fileRef = 05E98FB428F30A4100F604F7 /* FragUITestsLaunchTests.swift */; };
		05E98FC228F30B5600F604F7 /* FragmentControler.swift in Sources */ = {isa = PBXBuildFile; fileRef = 05E98FC128F30B5600F604F7 /* FragmentControler.swift */; };
/* End PBXBuildFile section */

/* Begin PBXContainerItemProxy section */
		05E98FA528F30A4000F604F7 /* PBXContainerItemProxy */ = {
			isa = PBXContainerItemProxy;
			containerPortal = 05E98F8628F30A4000F604F7 /* Project object */;
			proxyType = 1;
			remoteGlobalIDString = 05E98F8D28F30A4000F604F7;
			remoteInfo = Frag;
		};
		05E98FAF28F30A4100F604F7 /* PBXContainerItemProxy */ = {
			isa = PBXContainerItemProxy;
			containerPortal = 05E98F8628F30A4000F604F7 /* Project object */;
			proxyType = 1;
			remoteGlobalIDString = 05E98F8D28F30A4000F604F7;
			remoteInfo = Frag;
		};
/* End PBXContainerItemProxy section */

/* Begin PBXFileReference section */
		05E98F8E28F30A4000F604F7 /* Frag.app */ = {isa = PBXFileReference; explicitFileType = wrapper.application; includeInIndex = 0; path = Frag.app; sourceTree = BUILT_PRODUCTS_DIR; };
		05E98F9128F30A4000F604F7 /* AppDelegate.swift */ = {isa = PBXFileReference; lastKnownFileType = sourcecode.swift; path = AppDelegate.swift; sourceTree = "<group>"; };
		05E98F9328F30A4000F604F7 /* SceneDelegate.swift */ = {isa = PBXFileReference; lastKnownFileType = sourcecode.swift; path = SceneDelegate.swift; sourceTree = "<group>"; };
		05E98F9528F30A4000F604F7 /* ViewController.swift */ = {isa = PBXFileReference; lastKnownFileType = sourcecode.swift; path = ViewController.swift; sourceTree = "<group>"; };
		05E98F9828F30A4000F604F7 /* Base */ = {isa = PBXFileReference; lastKnownFileType = file.storyboard; name = Base; path = Base.lproj/Main.storyboard; sourceTree = "<group>"; };
		05E98F9A28F30A4000F604F7 /* Assets.xcassets */ = {isa = PBXFileReference; lastKnownFileType = folder.assetcatalog; path = Assets.xcassets; sourceTree = "<group>"; };
		05E98F9D28F30A4000F604F7 /* Base */ = {isa = PBXFileReference; lastKnownFileType = file.storyboard; name = Base; path = Base.lproj/LaunchScreen.storyboard; sourceTree = "<group>"; };
		05E98F9F28F30A4000F604F7 /* Info.plist */ = {isa = PBXFileReference; lastKnownFileType = text.plist.xml; path = Info.plist; sourceTree = "<group>"; };
		05E98FA428F30A4000F604F7 /* FragTests.xctest */ = {isa = PBXFileReference; explicitFileType = wrapper.cfbundle; includeInIndex = 0; path = FragTests.xctest; sourceTree = BUILT_PRODUCTS_DIR; };
		05E98FA828F30A4100F604F7 /* FragTests.swift */ = {isa = PBXFileReference; lastKnownFileType = sourcecode.swift; path = FragTests.swift; sourceTree = "<group>"; };
		05E98FAE28F30A4100F604F7 /* FragUITests.xctest */ = {isa = PBXFileReference; explicitFileType = wrapper.cfbundle; includeInIndex = 0; path = FragUITests.xctest; sourceTree = BUILT_PRODUCTS_DIR; };
		05E98FB228F30A4100F604F7 /* FragUITests.swift */ = {isa = PBXFileReference; lastKnownFileType = sourcecode.swift; path = FragUITests.swift; sourceTree = "<group>"; };
		05E98FB428F30A4100F604F7 /* FragUITestsLaunchTests.swift */ = {isa = PBXFileReference; lastKnownFileType = sourcecode.swift; path = FragUITestsLaunchTests.swift; sourceTree = "<group>"; };
		05E98FC128F30B5600F604F7 /* FragmentControler.swift */ = {isa = PBXFileReference; lastKnownFileType = sourcecode.swift; path = FragmentControler.swift; sourceTree = "<group>"; };
/* End PBXFileReference section */

/* Begin PBXFrameworksBuildPhase section */
		05E98F8B28F30A4000F604F7 /* Frameworks */ = {
			isa = PBXFrameworksBuildPhase;
			buildActionMask = 2147483647;
			files = (
			);
			runOnlyForDeploymentPostprocessing = 0;
		};
		05E98FA128F30A4000F604F7 /* Frameworks */ = {
			isa = PBXFrameworksBuildPhase;
			buildActionMask = 2147483647;
			files = (
			);
			runOnlyForDeploymentPostprocessing = 0;
		};
		05E98FAB28F30A4100F604F7 /* Frameworks */ = {
			isa = PBXFrameworksBuildPhase;
			buildActionMask = 2147483647;
			files = (
			);
			runOnlyForDeploymentPostprocessing = 0;
		};
/* End PBXFrameworksBuildPhase section */

/* Begin PBXGroup section */
		05E98F8528F30A4000F604F7 = {
			isa = PBXGroup;
			children = (
				05E98F9028F30A4000F604F7 /* Frag */,
				05E98FA728F30A4100F604F7 /* FragTests */,
				05E98FB128F30A4100F604F7 /* FragUITests */,
				05E98F8F28F30A4000F604F7 /* Products */,
			);
			sourceTree = "<group>";
		};
		05E98F8F28F30A4000F604F7 /* Products */ = {
			isa = PBXGroup;
			children = (
				05E98F8E28F30A4000F604F7 /* Frag.app */,
				05E98FA428F30A4000F604F7 /* FragTests.xctest */,
				05E98FAE28F30A4100F604F7 /* FragUITests.xctest */,
			);
			name = Products;
			sourceTree = "<group>";
		};
		05E98F9028F30A4000F604F7 /* Frag */ = {
			isa = PBXGroup;
			children = (
				05E98F9128F30A4000F604F7 /* AppDelegate.swift */,
				05E98F9328F30A4000F604F7 /* SceneDelegate.swift */,
				05E98F9528F30A4000F604F7 /* ViewController.swift */,
				05E98F9728F30A4000F604F7 /* Main.storyboard */,
				05E98F9A28F30A4000F604F7 /* Assets.xcassets */,
				05E98F9C28F30A4000F604F7 /* LaunchScreen.storyboard */,
				05E98F9F28F30A4000F604F7 /* Info.plist */,
				05E98FC128F30B5600F604F7 /* FragmentControler.swift */,
			);
			path = Frag;
			sourceTree = "<group>";
		};
		05E98FA728F30A4100F604F7 /* FragTests */ = {
			isa = PBXGroup;
			children = (
				05E98FA828F30A4100F604F7 /* FragTests.swift */,
			);
			path = FragTests;
			sourceTree = "<group>";
		};
		05E98FB128F30A4100F604F7 /* FragUITests */ = {
			isa = PBXGroup;
			children = (
				05E98FB228F30A4100F604F7 /* FragUITests.swift */,
				05E98FB428F30A4100F604F7 /* FragUITestsLaunchTests.swift */,
			);
			path = FragUITests;
			sourceTree = "<group>";
		};
/* End PBXGroup section */

/* Begin PBXNativeTarget section */
		05E98F8D28F30A4000F604F7 /* Frag */ = {
			isa = PBXNativeTarget;
			buildConfigurationList = 05E98FB828F30A4100F604F7 /* Build configuration list for PBXNativeTarget "Frag" */;
			buildPhases = (
				05E98F8A28F30A4000F604F7 /* Sources */,
				05E98F8B28F30A4000F604F7 /* Frameworks */,
				05E98F8C28F30A4000F604F7 /* Resources */,
			);
			buildRules = (
			);
			dependencies = (
			);
			name = Frag;
			productName = Frag;
			productReference = 05E98F8E28F30A4000F604F7 /* Frag.app */;
			productType = "com.apple.product-type.application";
		};
		05E98FA328F30A4000F604F7 /* FragTests */ = {
			isa = PBXNativeTarget;
			buildConfigurationList = 05E98FBB28F30A4100F604F7 /* Build configuration list for PBXNativeTarget "FragTests" */;
			buildPhases = (
				05E98FA028F30A4000F604F7 /* Sources */,
				05E98FA128F30A4000F604F7 /* Frameworks */,
				05E98FA228F30A4000F604F7 /* Resources */,
			);
			buildRules = (
			);
			dependencies = (
				05E98FA628F30A4000F604F7 /* PBXTargetDependency */,
			);
			name = FragTests;
			productName = FragTests;
			productReference = 05E98FA428F30A4000F604F7 /* FragTests.xctest */;
			productType = "com.apple.product-type.bundle.unit-test";
		};
		05E98FAD28F30A4100F604F7 /* FragUITests */ = {
			isa = PBXNativeTarget;
			buildConfigurationList = 05E98FBE28F30A4100F604F7 /* Build configuration list for PBXNativeTarget "FragUITests" */;
			buildPhases = (
				05E98FAA28F30A4100F604F7 /* Sources */,
				05E98FAB28F30A4100F604F7 /* Frameworks */,
				05E98FAC28F30A4100F604F7 /* Resources */,
			);
			buildRules = (
			);
			dependencies = (
				05E98FB028F30A4100F604F7 /* PBXTargetDependency */,
			);
			name = FragUITests;
			productName = FragUITests;
			productReference = 05E98FAE28F30A4100F604F7 /* FragUITests.xctest */;
			productType = "com.apple.product-type.bundle.ui-testing";
		};
/* End PBXNativeTarget section */

/* Begin PBXProject section */
		05E98F8628F30A4000F604F7 /* Project object */ = {
			isa = PBXProject;
			attributes = {
				BuildIndependentTargetsInParallel = 1;
				LastSwiftUpdateCheck = 1300;
				LastUpgradeCheck = 1300;
				TargetAttributes = {
					05E98F8D28F30A4000F604F7 = {
						CreatedOnToolsVersion = 13.0;
					};
					05E98FA328F30A4000F604F7 = {
						CreatedOnToolsVersion = 13.0;
						TestTargetID = 05E98F8D28F30A4000F604F7;
					};
					05E98FAD28F30A4100F604F7 = {
						CreatedOnToolsVersion = 13.0;
						TestTargetID = 05E98F8D28F30A4000F604F7;
					};
				};
			};
			buildConfigurationList = 05E98F8928F30A4000F604F7 /* Build configuration list for PBXProject "Frag" */;
			compatibilityVersion = "Xcode 13.0";
			developmentRegion = en;
			hasScannedForEncodings = 0;
			knownRegions = (
				en,
				Base,
			);
			mainGroup = 05E98F8528F30A4000F604F7;
			productRefGroup = 05E98F8F28F30A4000F604F7 /* Products */;
			projectDirPath = "";
			projectRoot = "";
			targets = (
				05E98F8D28F30A4000F604F7 /* Frag */,
				05E98FA328F30A4000F604F7 /* FragTests */,
				05E98FAD28F30A4100F604F7 /* FragUITests */,
			);
		};
/* End PBXProject section */

/* Begin PBXResourcesBuildPhase section */
		05E98F8C28F30A4000F604F7 /* Resources */ = {
			isa = PBXResourcesBuildPhase;
			buildActionMask = 2147483647;
			files = (
				05E98F9E28F30A4000F604F7 /* LaunchScreen.storyboard in Resources */,
				05E98F9B28F30A4000F604F7 /* Assets.xcassets in Resources */,
				05E98F9928F30A4000F604F7 /* Main.storyboard in Resources */,
			);
			runOnlyForDeploymentPostprocessing = 0;
		};
		05E98FA228F30A4000F604F7 /* Resources */ = {
			isa = PBXResourcesBuildPhase;
			buildActionMask = 2147483647;
			files = (
			);
			runOnlyForDeploymentPostprocessing = 0;
		};
		05E98FAC28F30A4100F604F7 /* Resources */ = {
			isa = PBXResourcesBuildPhase;
			buildActionMask = 2147483647;
			files = (
			);
			runOnlyForDeploymentPostprocessing = 0;
		};
/* End PBXResourcesBuildPhase section */

/* Begin PBXSourcesBuildPhase section */
		05E98F8A28F30A4000F604F7 /* Sources */ = {
			isa = PBXSourcesBuildPhase;
			buildActionMask = 2147483647;
			files = (
				05E98F9628F30A4000F604F7 /* ViewController.swift in Sources */,
				05E98F9228F30A4000F604F7 /* AppDelegate.swift in Sources */,
				05E98FC228F30B5600F604F7 /* FragmentControler.swift in Sources */,
				05E98F9428F30A4000F604F7 /* SceneDelegate.swift in Sources */,
			);
			runOnlyForDeploymentPostprocessing = 0;
		};
		05E98FA028F30A4000F604F7 /* Sources */ = {
			isa = PBXSourcesBuildPhase;
			buildActionMask = 2147483647;
			files = (
				05E98FA928F30A4100F604F7 /* FragTests.swift in Sources */,
			);
			runOnlyForDeploymentPostprocessing = 0;
		};
		05E98FAA28F30A4100F604F7 /* Sources */ = {
			isa = PBXSourcesBuildPhase;
			buildActionMask = 2147483647;
			files = (
				05E98FB528F30A4100F604F7 /* FragUITestsLaunchTests.swift in Sources */,
				05E98FB328F30A4100F604F7 /* FragUITests.swift in Sources */,
			);
			runOnlyForDeploymentPostprocessing = 0;
		};
/* End PBXSourcesBuildPhase section */

/* Begin PBXTargetDependency section */
		05E98FA628F30A4000F604F7 /* PBXTargetDependency */ = {
			isa = PBXTargetDependency;
			target = 05E98F8D28F30A4000F604F7 /* Frag */;
			targetProxy = 05E98FA528F30A4000F604F7 /* PBXContainerItemProxy */;
		};
		05E98FB028F30A4100F604F7 /* PBXTargetDependency */ = {
			isa = PBXTargetDependency;
			target = 05E98F8D28F30A4000F604F7 /* Frag */;
			targetProxy = 05E98FAF28F30A4100F604F7 /* PBXContainerItemProxy */;
		};
/* End PBXTargetDependency section */

/* Begin PBXVariantGroup section */
		05E98F9728F30A4000F604F7 /* Main.storyboard */ = {
			isa = PBXVariantGroup;
			children = (
				05E98F9828F30A4000F604F7 /* Base */,
			);
			name = Main.storyboard;
			sourceTree = "<group>";
		};
		05E98F9C28F30A4000F604F7 /* LaunchScreen.storyboard */ = {
			isa = PBXVariantGroup;
			children = (
				05E98F9D28F30A4000F604F7 /* Base */,
			);
			name = LaunchScreen.storyboard;
			sourceTree = "<group>";
		};
/* End PBXVariantGroup section */

/* Begin XCBuildConfiguration section */
		05E98FB628F30A4100F604F7 /* Debug */ = {
			isa = XCBuildConfiguration;
			buildSettings = {
				ALWAYS_SEARCH_USER_PATHS = NO;
				CLANG_ANALYZER_NONNULL = YES;
				CLANG_ANALYZER_NUMBER_OBJECT_CONVERSION = YES_AGGRESSIVE;
				CLANG_CXX_LANGUAGE_STANDARD = "gnu++17";
				CLANG_CXX_LIBRARY = "libc++";
				CLANG_ENABLE_MODULES = YES;
				CLANG_ENABLE_OBJC_ARC = YES;
				CLANG_ENABLE_OBJC_WEAK = YES;
				CLANG_WARN_BLOCK_CAPTURE_AUTORELEASING = YES;
				CLANG_WARN_BOOL_CONVERSION = YES;
				CLANG_WARN_COMMA = YES;
				CLANG_WARN_CONSTANT_CONVERSION = YES;
				CLANG_WARN_DEPRECATED_OBJC_IMPLEMENTATIONS = YES;
				CLANG_WARN_DIRECT_OBJC_ISA_USAGE = YES_ERROR;
				CLANG_WARN_DOCUMENTATION_COMMENTS = YES;
				CLANG_WARN_EMPTY_BODY = YES;
				CLANG_WARN_ENUM_CONVERSION = YES;
				CLANG_WARN_INFINITE_RECURSION = YES;
				CLANG_WARN_INT_CONVERSION = YES;
				CLANG_WARN_NON_LITERAL_NULL_CONVERSION = YES;
				CLANG_WARN_OBJC_IMPLICIT_RETAIN_SELF = YES;
				CLANG_WARN_OBJC_LITERAL_CONVERSION = YES;
				CLANG_WARN_OBJC_ROOT_CLASS = YES_ERROR;
				CLANG_WARN_QUOTED_INCLUDE_IN_FRAMEWORK_HEADER = YES;
				CLANG_WARN_RANGE_LOOP_ANALYSIS = YES;
				CLANG_WARN_STRICT_PROTOTYPES = YES;
				CLANG_WARN_SUSPICIOUS_MOVE = YES;
				CLANG_WARN_UNGUARDED_AVAILABILITY = YES_AGGRESSIVE;
				CLANG_WARN_UNREACHABLE_CODE = YES;
				CLANG_WARN__DUPLICATE_METHOD_MATCH = YES;
				COPY_PHASE_STRIP = NO;
				DEBUG_INFORMATION_FORMAT = dwarf;
				ENABLE_STRICT_OBJC_MSGSEND = YES;
				ENABLE_TESTABILITY = YES;
				GCC_C_LANGUAGE_STANDARD = gnu11;
				GCC_DYNAMIC_NO_PIC = NO;
				GCC_NO_COMMON_BLOCKS = YES;
				GCC_OPTIMIZATION_LEVEL = 0;
				GCC_PREPROCESSOR_DEFINITIONS = (
					"DEBUG=1",
					"$(inherited)",
				);
				GCC_WARN_64_TO_32_BIT_CONVERSION = YES;
				GCC_WARN_ABOUT_RETURN_TYPE = YES_ERROR;
				GCC_WARN_UNDECLARED_SELECTOR = YES;
				GCC_WARN_UNINITIALIZED_AUTOS = YES_AGGRESSIVE;
				GCC_WARN_UNUSED_FUNCTION = YES;
				GCC_WARN_UNUSED_VARIABLE = YES;
				IPHONEOS_DEPLOYMENT_TARGET = 15.0;
				MTL_ENABLE_DEBUG_INFO = INCLUDE_SOURCE;
				MTL_FAST_MATH = YES;
				ONLY_ACTIVE_ARCH = YES;
				SDKROOT = iphoneos;
				SWIFT_ACTIVE_COMPILATION_CONDITIONS = DEBUG;
				SWIFT_OPTIMIZATION_LEVEL = "-Onone";
			};
			name = Debug;
		};
		05E98FB728F30A4100F604F7 /* Release */ = {
			isa = XCBuildConfiguration;
			buildSettings = {
				ALWAYS_SEARCH_USER_PATHS = NO;
				CLANG_ANALYZER_NONNULL = YES;
				CLANG_ANALYZER_NUMBER_OBJECT_CONVERSION = YES_AGGRESSIVE;
				CLANG_CXX_LANGUAGE_STANDARD = "gnu++17";
				CLANG_CXX_LIBRARY = "libc++";
				CLANG_ENABLE_MODULES = YES;
				CLANG_ENABLE_OBJC_ARC = YES;
				CLANG_ENABLE_OBJC_WEAK = YES;
				CLANG_WARN_BLOCK_CAPTURE_AUTORELEASING = YES;
				CLANG_WARN_BOOL_CONVERSION = YES;
				CLANG_WARN_COMMA = YES;
				CLANG_WARN_CONSTANT_CONVERSION = YES;
				CLANG_WARN_DEPRECATED_OBJC_IMPLEMENTATIONS = YES;
				CLANG_WARN_DIRECT_OBJC_ISA_USAGE = YES_ERROR;
				CLANG_WARN_DOCUMENTATION_COMMENTS = YES;
				CLANG_WARN_EMPTY_BODY = YES;
				CLANG_WARN_ENUM_CONVERSION = YES;
				CLANG_WARN_INFINITE_RECURSION = YES;
				CLANG_WARN_INT_CONVERSION = YES;
				CLANG_WARN_NON_LITERAL_NULL_CONVERSION = YES;
				CLANG_WARN_OBJC_IMPLICIT_RETAIN_SELF = YES;
				CLANG_WARN_OBJC_LITERAL_CONVERSION = YES;
				CLANG_WARN_OBJC_ROOT_CLASS = YES_ERROR;
				CLANG_WARN_QUOTED_INCLUDE_IN_FRAMEWORK_HEADER = YES;
				CLANG_WARN_RANGE_LOOP_ANALYSIS = YES;
				CLANG_WARN_STRICT_PROTOTYPES = YES;
				CLANG_WARN_SUSPICIOUS_MOVE = YES;
				CLANG_WARN_UNGUARDED_AVAILABILITY = YES_AGGRESSIVE;
				CLANG_WARN_UNREACHABLE_CODE = YES;
				CLANG_WARN__DUPLICATE_METHOD_MATCH = YES;
				COPY_PHASE_STRIP = NO;
				DEBUG_INFORMATION_FORMAT = "dwarf-with-dsym";
				ENABLE_NS_ASSERTIONS = NO;
				ENABLE_STRICT_OBJC_MSGSEND = YES;
				GCC_C_LANGUAGE_STANDARD = gnu11;
				GCC_NO_COMMON_BLOCKS = YES;
				GCC_WARN_64_TO_32_BIT_CONVERSION = YES;
				GCC_WARN_ABOUT_RETURN_TYPE = YES_ERROR;
				GCC_WARN_UNDECLARED_SELECTOR = YES;
				GCC_WARN_UNINITIALIZED_AUTOS = YES_AGGRESSIVE;
				GCC_WARN_UNUSED_FUNCTION = YES;
				GCC_WARN_UNUSED_VARIABLE = YES;
				IPHONEOS_DEPLOYMENT_TARGET = 15.0;
				MTL_ENABLE_DEBUG_INFO = NO;
				MTL_FAST_MATH = YES;
				SDKROOT = iphoneos;
				SWIFT_COMPILATION_MODE = wholemodule;
				SWIFT_OPTIMIZATION_LEVEL = "-O";
				VALIDATE_PRODUCT = YES;
			};
			name = Release;
		};
		05E98FB928F30A4100F604F7 /* Debug */ = {
			isa = XCBuildConfiguration;
			buildSettings = {
				ASSETCATALOG_COMPILER_APPICON_NAME = AppIcon;
				ASSETCATALOG_COMPILER_GLOBAL_ACCENT_COLOR_NAME = AccentColor;
				CODE_SIGN_STYLE = Automatic;
				CURRENT_PROJECT_VERSION = 1;
				GENERATE_INFOPLIST_FILE = YES;
				INFOPLIST_FILE = Frag/Info.plist;
				INFOPLIST_KEY_UIApplicationSupportsIndirectInputEvents = YES;
				INFOPLIST_KEY_UILaunchStoryboardName = LaunchScreen;
				INFOPLIST_KEY_UIMainStoryboardFile = Main;
				INFOPLIST_KEY_UISupportedInterfaceOrientations_iPad = "UIInterfaceOrientationPortrait UIInterfaceOrientationPortraitUpsideDown UIInterfaceOrientationLandscapeLeft UIInterfaceOrientationLandscapeRight";
				INFOPLIST_KEY_UISupportedInterfaceOrientations_iPhone = "UIInterfaceOrientationPortrait UIInterfaceOrientationLandscapeLeft UIInterfaceOrientationLandscapeRight";
				LD_RUNPATH_SEARCH_PATHS = (
					"$(inherited)",
					"@executable_path/Frameworks",
				);
				MARKETING_VERSION = 1.0;
				PRODUCT_BUNDLE_IDENTIFIER = app.Frag;
				PRODUCT_NAME = "$(TARGET_NAME)";
				SWIFT_EMIT_LOC_STRINGS = YES;
				SWIFT_VERSION = 5.0;
				TARGETED_DEVICE_FAMILY = "1,2";
			};
			name = Debug;
		};
		05E98FBA28F30A4100F604F7 /* Release */ = {
			isa = XCBuildConfiguration;
			buildSettings = {
				ASSETCATALOG_COMPILER_APPICON_NAME = AppIcon;
				ASSETCATALOG_COMPILER_GLOBAL_ACCENT_COLOR_NAME = AccentColor;
				CODE_SIGN_STYLE = Automatic;
				CURRENT_PROJECT_VERSION = 1;
				GENERATE_INFOPLIST_FILE = YES;
				INFOPLIST_FILE = Frag/Info.plist;
				INFOPLIST_KEY_UIApplicationSupportsIndirectInputEvents = YES;
				INFOPLIST_KEY_UILaunchStoryboardName = LaunchScreen;
				INFOPLIST_KEY_UIMainStoryboardFile = Main;
				INFOPLIST_KEY_UISupportedInterfaceOrientations_iPad = "UIInterfaceOrientationPortrait UIInterfaceOrientationPortraitUpsideDown UIInterfaceOrientationLandscapeLeft UIInterfaceOrientationLandscapeRight";
				INFOPLIST_KEY_UISupportedInterfaceOrientations_iPhone = "UIInterfaceOrientationPortrait UIInterfaceOrientationLandscapeLeft UIInterfaceOrientationLandscapeRight";
				LD_RUNPATH_SEARCH_PATHS = (
					"$(inherited)",
					"@executable_path/Frameworks",
				);
				MARKETING_VERSION = 1.0;
				PRODUCT_BUNDLE_IDENTIFIER = app.Frag;
				PRODUCT_NAME = "$(TARGET_NAME)";
				SWIFT_EMIT_LOC_STRINGS = YES;
				SWIFT_VERSION = 5.0;
				TARGETED_DEVICE_FAMILY = "1,2";
			};
			name = Release;
		};
		05E98FBC28F30A4100F604F7 /* Debug */ = {
			isa = XCBuildConfiguration;
			buildSettings = {
				ALWAYS_EMBED_SWIFT_STANDARD_LIBRARIES = YES;
				BUNDLE_LOADER = "$(TEST_HOST)";
				CODE_SIGN_STYLE = Automatic;
				CURRENT_PROJECT_VERSION = 1;
				GENERATE_INFOPLIST_FILE = YES;
				IPHONEOS_DEPLOYMENT_TARGET = 15.0;
				LD_RUNPATH_SEARCH_PATHS = (
					"$(inherited)",
					"@executable_path/Frameworks",
					"@loader_path/Frameworks",
				);
				MARKETING_VERSION = 1.0;
				PRODUCT_BUNDLE_IDENTIFIER = app.FragTests;
				PRODUCT_NAME = "$(TARGET_NAME)";
				SWIFT_EMIT_LOC_STRINGS = NO;
				SWIFT_VERSION = 5.0;
				TARGETED_DEVICE_FAMILY = "1,2";
				TEST_HOST = "$(BUILT_PRODUCTS_DIR)/Frag.app/Frag";
			};
			name = Debug;
		};
		05E98FBD28F30A4100F604F7 /* Release */ = {
			isa = XCBuildConfiguration;
			buildSettings = {
				ALWAYS_EMBED_SWIFT_STANDARD_LIBRARIES = YES;
				BUNDLE_LOADER = "$(TEST_HOST)";
				CODE_SIGN_STYLE = Automatic;
				CURRENT_PROJECT_VERSION = 1;
				GENERATE_INFOPLIST_FILE = YES;
				IPHONEOS_DEPLOYMENT_TARGET = 15.0;
				LD_RUNPATH_SEARCH_PATHS = (
					"$(inherited)",
					"@executable_path/Frameworks",
					"@loader_path/Frameworks",
				);
				MARKETING_VERSION = 1.0;
				PRODUCT_BUNDLE_IDENTIFIER = app.FragTests;
				PRODUCT_NAME = "$(TARGET_NAME)";
				SWIFT_EMIT_LOC_STRINGS = NO;
				SWIFT_VERSION = 5.0;
				TARGETED_DEVICE_FAMILY = "1,2";
				TEST_HOST = "$(BUILT_PRODUCTS_DIR)/Frag.app/Frag";
			};
			name = Release;
		};
		05E98FBF28F30A4100F604F7 /* Debug */ = {
			isa = XCBuildConfiguration;
			buildSettings = {
				ALWAYS_EMBED_SWIFT_STANDARD_LIBRARIES = YES;
				CODE_SIGN_STYLE = Automatic;
				CURRENT_PROJECT_VERSION = 1;
				GENERATE_INFOPLIST_FILE = YES;
				LD_RUNPATH_SEARCH_PATHS = (
					"$(inherited)",
					"@executable_path/Frameworks",
					"@loader_path/Frameworks",
				);
				MARKETING_VERSION = 1.0;
				PRODUCT_BUNDLE_IDENTIFIER = app.FragUITests;
				PRODUCT_NAME = "$(TARGET_NAME)";
				SWIFT_EMIT_LOC_STRINGS = NO;
				SWIFT_VERSION = 5.0;
				TARGETED_DEVICE_FAMILY = "1,2";
				TEST_TARGET_NAME = Frag;
			};
			name = Debug;
		};
		05E98FC028F30A4100F604F7 /* Release */ = {
			isa = XCBuildConfiguration;
			buildSettings = {
				ALWAYS_EMBED_SWIFT_STANDARD_LIBRARIES = YES;
				CODE_SIGN_STYLE = Automatic;
				CURRENT_PROJECT_VERSION = 1;
				GENERATE_INFOPLIST_FILE = YES;
				LD_RUNPATH_SEARCH_PATHS = (
					"$(inherited)",
					"@executable_path/Frameworks",
					"@loader_path/Frameworks",
				);
				MARKETING_VERSION = 1.0;
				PRODUCT_BUNDLE_IDENTIFIER = app.FragUITests;
				PRODUCT_NAME = "$(TARGET_NAME)";
				SWIFT_EMIT_LOC_STRINGS = NO;
				SWIFT_VERSION = 5.0;
				TARGETED_DEVICE_FAMILY = "1,2";
				TEST_TARGET_NAME = Frag;
			};
			name = Release;
		};
/* End XCBuildConfiguration section */

/* Begin XCConfigurationList section */
		05E98F8928F30A4000F604F7 /* Build configuration list for PBXProject "Frag" */ = {
			isa = XCConfigurationList;
			buildConfigurations = (
				05E98FB628F30A4100F604F7 /* Debug */,
				05E98FB728F30A4100F604F7 /* Release */,
			);
			defaultConfigurationIsVisible = 0;
			defaultConfigurationName = Release;
		};
		05E98FB828F30A4100F604F7 /* Build configuration list for PBXNativeTarget "Frag" */ = {
			isa = XCConfigurationList;
			buildConfigurations = (
				05E98FB928F30A4100F604F7 /* Debug */,
				05E98FBA28F30A4100F604F7 /* Release */,
			);
			defaultConfigurationIsVisible = 0;
			defaultConfigurationName = Release;
		};
		05E98FBB28F30A4100F604F7 /* Build configuration list for PBXNativeTarget "FragTests" */ = {
			isa = XCConfigurationList;
			buildConfigurations = (
				05E98FBC28F30A4100F604F7 /* Debug */,
				05E98FBD28F30A4100F604F7 /* Release */,
			);
			defaultConfigurationIsVisible = 0;
			defaultConfigurationName = Release;
		};
		05E98FBE28F30A4100F604F7 /* Build configuration list for PBXNativeTarget "FragUITests" */ = {
			isa = XCConfigurationList;
			buildConfigurations = (
				05E98FBF28F30A4100F604F7 /* Debug */,
				05E98FC028F30A4100F604F7 /* Release */,
			);
			defaultConfigurationIsVisible = 0;
			defaultConfigurationName = Release;
		};
/* End XCConfigurationList section */
	};
	rootObject = 05E98F8628F30A4000F604F7 /* Project object */;
}
